
Microsoft Visual Studio Solution File, Format Version 12.00
# Visual Studio 2013
VisualStudioVersion = 12.0.21005.1
MinimumVisualStudioVersion = 10.0.40219.1
Project("{FAE04EC0-301F-11D3-BF4B-00C04F79EFBC}") = "CRUDwithASP.NETWebApi", "CRUDwithASP.NETWebApi\CRUDwithASP.NETWebApi.csproj", "{88D87280-6B7D-4C09-BE7D-31DDA85ADD1E}"
EndProject
Project("{FAE04EC0-301F-11D3-BF4B-00C04F79EFBC}") = "CRUDwithASP.NETWebApi.Tests", "CRUDwithASP.NETWebApi.Tests\CRUDwithASP.NETWebApi.Tests.csproj", "{35CEEBC0-4CB0-4C4A-A534-A7961B72DB33}"
EndProject
Project("{FAE04EC0-301F-11D3-BF4B-00C04F79EFBC}") = "AngularJSMVC", "AngularJSMVC\AngularJSMVC.csproj", "{0A928100-5E8E-4763-94BC-33C65FC781C4}"
EndProject
Global
	GlobalSection(SolutionConfigurationPlatforms) = preSolution
		Debug|Any CPU = Debug|Any CPU
		Release|Any CPU = Release|Any CPU
	EndGlobalSection
	GlobalSection(ProjectConfigurationPlatforms) = postSolution
		{88D87280-6B7D-4C09-BE7D-31DDA85ADD1E}.Debug|Any CPU.ActiveCfg = Debug|Any CPU
		{88D87280-6B7D-4C09-BE7D-31DDA85ADD1E}.Debug|Any CPU.Build.0 = Debug|Any CPU
		{88D87280-6B7D-4C09-BE7D-31DDA85ADD1E}.Release|Any CPU.ActiveCfg = Release|Any CPU
		{88D87280-6B7D-4C09-BE7D-31DDA85ADD1E}.Release|Any CPU.Build.0 = Release|Any CPU
		{35CEEBC0-4CB0-4C4A-A534-A7961B72DB33}.Debug|Any CPU.ActiveCfg = Debug|Any CPU
		{35CEEBC0-4CB0-4C4A-A534-A7961B72DB33}.Debug|Any CPU.Build.0 = Debug|Any CPU
		{35CEEBC0-4CB0-4C4A-A534-A7961B72DB33}.Release|Any CPU.ActiveCfg = Release|Any CPU
		{35CEEBC0-4CB0-4C4A-A534-A7961B72DB33}.Release|Any CPU.Build.0 = Release|Any CPU
		{0A928100-5E8E-4763-94BC-33C65FC781C4}.Debug|Any CPU.ActiveCfg = Debug|Any CPU
		{0A928100-5E8E-4763-94BC-33C65FC781C4}.Debug|Any CPU.Build.0 = Debug|Any CPU
		{0A928100-5E8E-4763-94BC-33C65FC781C4}.Release|Any CPU.ActiveCfg = Release|Any CPU
		{0A928100-5E8E-4763-94BC-33C65FC781C4}.Release|Any CPU.Build.0 = Release|Any CPU
	EndGlobalSection
	GlobalSection(SolutionProperties) = preSolution
		HideSolutionNode = FALSE
	EndGlobalSection
EndGlobal
